// !$*UTF8*$!
{
	archiveVersion = 1;
	classes = {
	};
	objectVersion = 46;
	objects = {

/* Begin PBXBuildFile section */
		DB2FDFB218E255C900ABCE10 /* Foundation.framework in Frameworks */ = {isa = PBXBuildFile; fileRef = DB2FDFB118E255C900ABCE10 /* Foundation.framework */; };
		DB2FDFB418E255C900ABCE10 /* CoreGraphics.framework in Frameworks */ = {isa = PBXBuildFile; fileRef = DB2FDFB318E255C900ABCE10 /* CoreGraphics.framework */; };
		DB2FDFB618E255C900ABCE10 /* UIKit.framework in Frameworks */ = {isa = PBXBuildFile; fileRef = DB2FDFB518E255C900ABCE10 /* UIKit.framework */; };
		DB2FDFBC18E255C900ABCE10 /* InfoPlist.strings in Resources */ = {isa = PBXBuildFile; fileRef = DB2FDFBA18E255C900ABCE10 /* InfoPlist.strings */; };
		DB2FDFBE18E255C900ABCE10 /* main.m in Sources */ = {isa = PBXBuildFile; fileRef = DB2FDFBD18E255C900ABCE10 /* main.m */; };
		DB2FDFC218E255C900ABCE10 /* TABAppDelegate.m in Sources */ = {isa = PBXBuildFile; fileRef = DB2FDFC118E255C900ABCE10 /* TABAppDelegate.m */; };
		DB2FDFC518E255C900ABCE10 /* Main.storyboard in Resources */ = {isa = PBXBuildFile; fileRef = DB2FDFC318E255C900ABCE10 /* Main.storyboard */; };
		DB2FDFC818E255C900ABCE10 /* TABViewController.m in Sources */ = {isa = PBXBuildFile; fileRef = DB2FDFC718E255C900ABCE10 /* TABViewController.m */; };
		DB2FDFCA18E255C900ABCE10 /* Images.xcassets in Resources */ = {isa = PBXBuildFile; fileRef = DB2FDFC918E255C900ABCE10 /* Images.xcassets */; };
		DB2FDFD118E255C900ABCE10 /* XCTest.framework in Frameworks */ = {isa = PBXBuildFile; fileRef = DB2FDFD018E255C900ABCE10 /* XCTest.framework */; };
		DB2FDFD218E255C900ABCE10 /* Foundation.framework in Frameworks */ = {isa = PBXBuildFile; fileRef = DB2FDFB118E255C900ABCE10 /* Foundation.framework */; };
		DB2FDFD318E255C900ABCE10 /* UIKit.framework in Frameworks */ = {isa = PBXBuildFile; fileRef = DB2FDFB518E255C900ABCE10 /* UIKit.framework */; };
		DB2FDFDB18E255C900ABCE10 /* InfoPlist.strings in Resources */ = {isa = PBXBuildFile; fileRef = DB2FDFD918E255C900ABCE10 /* InfoPlist.strings */; };
		DB2FDFDD18E255C900ABCE10 /* File_MonitorTests.m in Sources */ = {isa = PBXBuildFile; fileRef = DB2FDFDC18E255C900ABCE10 /* File_MonitorTests.m */; };
/* End PBXBuildFile section */

/* Begin PBXContainerItemProxy section */
		DB2FDFD418E255C900ABCE10 /* PBXContainerItemProxy */ = {
			isa = PBXContainerItemProxy;
			containerPortal = DB2FDFA618E255C900ABCE10 /* Project object */;
			proxyType = 1;
			remoteGlobalIDString = DB2FDFAD18E255C900ABCE10;
			remoteInfo = "File Monitor";
		};
/* End PBXContainerItemProxy section */

/* Begin PBXFileReference section */
		DB2FDFAE18E255C900ABCE10 /* File Monitor.app */ = {isa = PBXFileReference; explicitFileType = wrapper.application; includeInIndex = 0; path = "File Monitor.app"; sourceTree = BUILT_PRODUCTS_DIR; };
		DB2FDFB118E255C900ABCE10 /* Foundation.framework */ = {isa = PBXFileReference; lastKnownFileType = wrapper.framework; name = Foundation.framework; path = System/Library/Frameworks/Foundation.framework; sourceTree = SDKROOT; };
		DB2FDFB318E255C900ABCE10 /* CoreGraphics.framework */ = {isa = PBXFileReference; lastKnownFileType = wrapper.framework; name = CoreGraphics.framework; path = System/Library/Frameworks/CoreGraphics.framework; sourceTree = SDKROOT; };
		DB2FDFB518E255C900ABCE10 /* UIKit.framework */ = {isa = PBXFileReference; lastKnownFileType = wrapper.framework; name = UIKit.framework; path = System/Library/Frameworks/UIKit.framework; sourceTree = SDKROOT; };
		DB2FDFB918E255C900ABCE10 /* File Monitor-Info.plist */ = {isa = PBXFileReference; lastKnownFileType = text.plist.xml; path = "File Monitor-Info.plist"; sourceTree = "<group>"; };
		DB2FDFBB18E255C900ABCE10 /* en */ = {isa = PBXFileReference; lastKnownFileType = text.plist.strings; name = en; path = en.lproj/InfoPlist.strings; sourceTree = "<group>"; };
		DB2FDFBD18E255C900ABCE10 /* main.m */ = {isa = PBXFileReference; lastKnownFileType = sourcecode.c.objc; path = main.m; sourceTree = "<group>"; };
		DB2FDFBF18E255C900ABCE10 /* File Monitor-Prefix.pch */ = {isa = PBXFileReference; lastKnownFileType = sourcecode.c.h; path = "File Monitor-Prefix.pch"; sourceTree = "<group>"; };
		DB2FDFC018E255C900ABCE10 /* TABAppDelegate.h */ = {isa = PBXFileReference; lastKnownFileType = sourcecode.c.h; path = TABAppDelegate.h; sourceTree = "<group>"; };
		DB2FDFC118E255C900ABCE10 /* TABAppDelegate.m */ = {isa = PBXFileReference; lastKnownFileType = sourcecode.c.objc; path = TABAppDelegate.m; sourceTree = "<group>"; };
		DB2FDFC418E255C900ABCE10 /* Base */ = {isa = PBXFileReference; lastKnownFileType = file.storyboard; name = Base; path = Base.lproj/Main.storyboard; sourceTree = "<group>"; };
		DB2FDFC618E255C900ABCE10 /* TABViewController.h */ = {isa = PBXFileReference; lastKnownFileType = sourcecode.c.h; path = TABViewController.h; sourceTree = "<group>"; };
		DB2FDFC718E255C900ABCE10 /* TABViewController.m */ = {isa = PBXFileReference; lastKnownFileType = sourcecode.c.objc; path = TABViewController.m; sourceTree = "<group>"; };
		DB2FDFC918E255C900ABCE10 /* Images.xcassets */ = {isa = PBXFileReference; lastKnownFileType = folder.assetcatalog; path = Images.xcassets; sourceTree = "<group>"; };
		DB2FDFCF18E255C900ABCE10 /* File MonitorTests.xctest */ = {isa = PBXFileReference; explicitFileType = wrapper.cfbundle; includeInIndex = 0; path = "File MonitorTests.xctest"; sourceTree = BUILT_PRODUCTS_DIR; };
		DB2FDFD018E255C900ABCE10 /* XCTest.framework */ = {isa = PBXFileReference; lastKnownFileType = wrapper.framework; name = XCTest.framework; path = Library/Frameworks/XCTest.framework; sourceTree = DEVELOPER_DIR; };
		DB2FDFD818E255C900ABCE10 /* File MonitorTests-Info.plist */ = {isa = PBXFileReference; lastKnownFileType = text.plist.xml; path = "File MonitorTests-Info.plist"; sourceTree = "<group>"; };
		DB2FDFDA18E255C900ABCE10 /* en */ = {isa = PBXFileReference; lastKnownFileType = text.plist.strings; name = en; path = en.lproj/InfoPlist.strings; sourceTree = "<group>"; };
		DB2FDFDC18E255C900ABCE10 /* File_MonitorTests.m */ = {isa = PBXFileReference; lastKnownFileType = sourcecode.c.objc; path = File_MonitorTests.m; sourceTree = "<group>"; };
/* End PBXFileReference section */

/* Begin PBXFrameworksBuildPhase section */
		DB2FDFAB18E255C900ABCE10 /* Frameworks */ = {
			isa = PBXFrameworksBuildPhase;
			buildActionMask = 2147483647;
			files = (
				DB2FDFB418E255C900ABCE10 /* CoreGraphics.framework in Frameworks */,
				DB2FDFB618E255C900ABCE10 /* UIKit.framework in Frameworks */,
				DB2FDFB218E255C900ABCE10 /* Foundation.framework in Frameworks */,
			);
			runOnlyForDeploymentPostprocessing = 0;
		};
		DB2FDFCC18E255C900ABCE10 /* Frameworks */ = {
			isa = PBXFrameworksBuildPhase;
			buildActionMask = 2147483647;
			files = (
				DB2FDFD118E255C900ABCE10 /* XCTest.framework in Frameworks */,
				DB2FDFD318E255C900ABCE10 /* UIKit.framework in Frameworks */,
				DB2FDFD218E255C900ABCE10 /* Foundation.framework in Frameworks */,
			);
			runOnlyForDeploymentPostprocessing = 0;
		};
/* End PBXFrameworksBuildPhase section */

/* Begin PBXGroup section */
		DB2FDFA518E255C900ABCE10 = {
			isa = PBXGroup;
			children = (
				DB2FDFB718E255C900ABCE10 /* File Monitor */,
				DB2FDFD618E255C900ABCE10 /* File MonitorTests */,
				DB2FDFB018E255C900ABCE10 /* Frameworks */,
				DB2FDFAF18E255C900ABCE10 /* Products */,
			);
			sourceTree = "<group>";
		};
		DB2FDFAF18E255C900ABCE10 /* Products */ = {
			isa = PBXGroup;
			children = (
				DB2FDFAE18E255C900ABCE10 /* File Monitor.app */,
				DB2FDFCF18E255C900ABCE10 /* File MonitorTests.xctest */,
			);
			name = Products;
			sourceTree = "<group>";
		};
		DB2FDFB018E255C900ABCE10 /* Frameworks */ = {
			isa = PBXGroup;
			children = (
				DB2FDFB118E255C900ABCE10 /* Foundation.framework */,
				DB2FDFB318E255C900ABCE10 /* CoreGraphics.framework */,
				DB2FDFB518E255C900ABCE10 /* UIKit.framework */,
				DB2FDFD018E255C900ABCE10 /* XCTest.framework */,
			);
			name = Frameworks;
			sourceTree = "<group>";
		};
		DB2FDFB718E255C900ABCE10 /* File Monitor */ = {
			isa = PBXGroup;
			children = (
				DB2FDFC018E255C900ABCE10 /* TABAppDelegate.h */,
				DB2FDFC118E255C900ABCE10 /* TABAppDelegate.m */,
				DB2FDFC318E255C900ABCE10 /* Main.storyboard */,
				DB2FDFC618E255C900ABCE10 /* TABViewController.h */,
				DB2FDFC718E255C900ABCE10 /* TABViewController.m */,
				DB2FDFC918E255C900ABCE10 /* Images.xcassets */,
				DB2FDFB818E255C900ABCE10 /* Supporting Files */,
			);
			path = "File Monitor";
			sourceTree = "<group>";
		};
		DB2FDFB818E255C900ABCE10 /* Supporting Files */ = {
			isa = PBXGroup;
			children = (
				DB2FDFB918E255C900ABCE10 /* File Monitor-Info.plist */,
				DB2FDFBA18E255C900ABCE10 /* InfoPlist.strings */,
				DB2FDFBD18E255C900ABCE10 /* main.m */,
				DB2FDFBF18E255C900ABCE10 /* File Monitor-Prefix.pch */,
			);
			name = "Supporting Files";
			sourceTree = "<group>";
		};
		DB2FDFD618E255C900ABCE10 /* File MonitorTests */ = {
			isa = PBXGroup;
			children = (
				DB2FDFDC18E255C900ABCE10 /* File_MonitorTests.m */,
				DB2FDFD718E255C900ABCE10 /* Supporting Files */,
			);
			path = "File MonitorTests";
			sourceTree = "<group>";
		};
		DB2FDFD718E255C900ABCE10 /* Supporting Files */ = {
			isa = PBXGroup;
			children = (
				DB2FDFD818E255C900ABCE10 /* File MonitorTests-Info.plist */,
				DB2FDFD918E255C900ABCE10 /* InfoPlist.strings */,
			);
			name = "Supporting Files";
			sourceTree = "<group>";
		};
/* End PBXGroup section */

/* Begin PBXNativeTarget section */
		DB2FDFAD18E255C900ABCE10 /* File Monitor */ = {
			isa = PBXNativeTarget;
			buildConfigurationList = DB2FDFE018E255C900ABCE10 /* Build configuration list for PBXNativeTarget "File Monitor" */;
			buildPhases = (
				DB2FDFAA18E255C900ABCE10 /* Sources */,
				DB2FDFAB18E255C900ABCE10 /* Frameworks */,
				DB2FDFAC18E255C900ABCE10 /* Resources */,
			);
			buildRules = (
			);
			dependencies = (
			);
			name = "File Monitor";
			productName = "File Monitor";
			productReference = DB2FDFAE18E255C900ABCE10 /* File Monitor.app */;
			productType = "com.apple.product-type.application";
		};
		DB2FDFCE18E255C900ABCE10 /* File MonitorTests */ = {
			isa = PBXNativeTarget;
			buildConfigurationList = DB2FDFE318E255C900ABCE10 /* Build configuration list for PBXNativeTarget "File MonitorTests" */;
			buildPhases = (
				DB2FDFCB18E255C900ABCE10 /* Sources */,
				DB2FDFCC18E255C900ABCE10 /* Frameworks */,
				DB2FDFCD18E255C900ABCE10 /* Resources */,
			);
			buildRules = (
			);
			dependencies = (
				DB2FDFD518E255C900ABCE10 /* PBXTargetDependency */,
			);
			name = "File MonitorTests";
			productName = "File MonitorTests";
			productReference = DB2FDFCF18E255C900ABCE10 /* File MonitorTests.xctest */;
			productType = "com.apple.product-type.bundle.unit-test";
		};
/* End PBXNativeTarget section */

/* Begin PBXProject section */
		DB2FDFA618E255C900ABCE10 /* Project object */ = {
			isa = PBXProject;
			attributes = {
				CLASSPREFIX = TAB;
				LastUpgradeCheck = 0510;
				ORGANIZATIONNAME = "T Blank";
				TargetAttributes = {
					DB2FDFCE18E255C900ABCE10 = {
						TestTargetID = DB2FDFAD18E255C900ABCE10;
					};
				};
			};
			buildConfigurationList = DB2FDFA918E255C900ABCE10 /* Build configuration list for PBXProject "File Monitor" */;
			compatibilityVersion = "Xcode 3.2";
			developmentRegion = English;
			hasScannedForEncodings = 0;
			knownRegions = (
				en,
				Base,
			);
			mainGroup = DB2FDFA518E255C900ABCE10;
			productRefGroup = DB2FDFAF18E255C900ABCE10 /* Products */;
			projectDirPath = "";
			projectRoot = "";
			targets = (
				DB2FDFAD18E255C900ABCE10 /* File Monitor */,
				DB2FDFCE18E255C900ABCE10 /* File MonitorTests */,
			);
		};
/* End PBXProject section */

/* Begin PBXResourcesBuildPhase section */
		DB2FDFAC18E255C900ABCE10 /* Resources */ = {
			isa = PBXResourcesBuildPhase;
			buildActionMask = 2147483647;
			files = (
				DB2FDFCA18E255C900ABCE10 /* Images.xcassets in Resources */,
				DB2FDFBC18E255C900ABCE10 /* InfoPlist.strings in Resources */,
				DB2FDFC518E255C900ABCE10 /* Main.storyboard in Resources */,
			);
			runOnlyForDeploymentPostprocessing = 0;
		};
		DB2FDFCD18E255C900ABCE10 /* Resources */ = {
			isa = PBXResourcesBuildPhase;
			buildActionMask = 2147483647;
			files = (
				DB2FDFDB18E255C900ABCE10 /* InfoPlist.strings in Resources */,
			);
			runOnlyForDeploymentPostprocessing = 0;
		};
/* End PBXResourcesBuildPhase section */

/* Begin PBXSourcesBuildPhase section */
		DB2FDFAA18E255C900ABCE10 /* Sources */ = {
			isa = PBXSourcesBuildPhase;
			buildActionMask = 2147483647;
			files = (
				DB2FDFC818E255C900ABCE10 /* TABViewController.m in Sources */,
				DB2FDFC218E255C900ABCE10 /* TABAppDelegate.m in Sources */,
				DB2FDFBE18E255C900ABCE10 /* main.m in Sources */,
			);
			runOnlyForDeploymentPostprocessing = 0;
		};
		DB2FDFCB18E255C900ABCE10 /* Sources */ = {
			isa = PBXSourcesBuildPhase;
			buildActionMask = 2147483647;
			files = (
				DB2FDFDD18E255C900ABCE10 /* File_MonitorTests.m in Sources */,
			);
			runOnlyForDeploymentPostprocessing = 0;
		};
/* End PBXSourcesBuildPhase section */

/* Begin PBXTargetDependency section */
		DB2FDFD518E255C900ABCE10 /* PBXTargetDependency */ = {
			isa = PBXTargetDependency;
			target = DB2FDFAD18E255C900ABCE10 /* File Monitor */;
			targetProxy = DB2FDFD418E255C900ABCE10 /* PBXContainerItemProxy */;
		};
/* End PBXTargetDependency section */

/* Begin PBXVariantGroup section */
		DB2FDFBA18E255C900ABCE10 /* InfoPlist.strings */ = {
			isa = PBXVariantGroup;
			children = (
				DB2FDFBB18E255C900ABCE10 /* en */,
			);
			name = InfoPlist.strings;
			sourceTree = "<group>";
		};
		DB2FDFC318E255C900ABCE10 /* Main.storyboard */ = {
			isa = PBXVariantGroup;
			children = (
				DB2FDFC418E255C900ABCE10 /* Base */,
			);
			name = Main.storyboard;
			sourceTree = "<group>";
		};
		DB2FDFD918E255C900ABCE10 /* InfoPlist.strings */ = {
			isa = PBXVariantGroup;
			children = (
				DB2FDFDA18E255C900ABCE10 /* en */,
			);
			name = InfoPlist.strings;
			sourceTree = "<group>";
		};
/* End PBXVariantGroup section */

/* Begin XCBuildConfiguration section */
		DB2FDFDE18E255C900ABCE10 /* Debug */ = {
			isa = XCBuildConfiguration;
			buildSettings = {
				ALWAYS_SEARCH_USER_PATHS = NO;
				CLANG_CXX_LANGUAGE_STANDARD = "gnu++0x";
				CLANG_CXX_LIBRARY = "libc++";
				CLANG_ENABLE_MODULES = YES;
				CLANG_ENABLE_OBJC_ARC = YES;
				CLANG_WARN_BOOL_CONVERSION = YES;
				CLANG_WARN_CONSTANT_CONVERSION = YES;
				CLANG_WARN_DIRECT_OBJC_ISA_USAGE = YES_ERROR;
				CLANG_WARN_EMPTY_BODY = YES;
				CLANG_WARN_ENUM_CONVERSION = YES;
				CLANG_WARN_INT_CONVERSION = YES;
				CLANG_WARN_OBJC_ROOT_CLASS = YES_ERROR;
				CLANG_WARN__DUPLICATE_METHOD_MATCH = YES;
				"CODE_SIGN_IDENTITY[sdk=iphoneos*]" = "iPhone Developer";
				COPY_PHASE_STRIP = NO;
				GCC_C_LANGUAGE_STANDARD = gnu99;
				GCC_DYNAMIC_NO_PIC = NO;
				GCC_OPTIMIZATION_LEVEL = 0;
				GCC_PREPROCESSOR_DEFINITIONS = (
					"DEBUG=1",
					"$(inherited)",
				);
				GCC_SYMBOLS_PRIVATE_EXTERN = NO;
				GCC_WARN_64_TO_32_BIT_CONVERSION = YES;
				GCC_WARN_ABOUT_RETURN_TYPE = YES_ERROR;
				GCC_WARN_UNDECLARED_SELECTOR = YES;
				GCC_WARN_UNINITIALIZED_AUTOS = YES_AGGRESSIVE;
				GCC_WARN_UNUSED_FUNCTION = YES;
				GCC_WARN_UNUSED_VARIABLE = YES;
				IPHONEOS_DEPLOYMENT_TARGET = 7.1;
				ONLY_ACTIVE_ARCH = YES;
				SDKROOT = iphoneos;
			};
			name = Debug;
		};
		DB2FDFDF18E255C900ABCE10 /* Release */ = {
			isa = XCBuildConfiguration;
			buildSettings = {
				ALWAYS_SEARCH_USER_PATHS = NO;
				CLANG_CXX_LANGUAGE_STANDARD = "gnu++0x";
				CLANG_CXX_LIBRARY = "libc++";
				CLANG_ENABLE_MODULES = YES;
				CLANG_ENABLE_OBJC_ARC = YES;
				CLANG_WARN_BOOL_CONVERSION = YES;
				CLANG_WARN_CONSTANT_CONVERSION = YES;
				CLANG_WARN_DIRECT_OBJC_ISA_USAGE = YES_ERROR;
				CLANG_WARN_EMPTY_BODY = YES;
				CLANG_WARN_ENUM_CONVERSION = YES;
				CLANG_WARN_INT_CONVERSION = YES;
				CLANG_WARN_OBJC_ROOT_CLASS = YES_ERROR;
				CLANG_WARN__DUPLICATE_METHOD_MATCH = YES;
				"CODE_SIGN_IDENTITY[sdk=iphoneos*]" = "iPhone Developer";
				COPY_PHASE_STRIP = YES;
				ENABLE_NS_ASSERTIONS = NO;
				GCC_C_LANGUAGE_STANDARD = gnu99;
				GCC_WARN_64_TO_32_BIT_CONVERSION = YES;
				GCC_WARN_ABOUT_RETURN_TYPE = YES_ERROR;
				GCC_WARN_UNDECLARED_SELECTOR = YES;
				GCC_WARN_UNINITIALIZED_AUTOS = YES_AGGRESSIVE;
				GCC_WARN_UNUSED_FUNCTION = YES;
				GCC_WARN_UNUSED_VARIABLE = YES;
				IPHONEOS_DEPLOYMENT_TARGET = 7.1;
				SDKROOT = iphoneos;
				VALIDATE_PRODUCT = YES;
			};
			name = Release;
		};
		DB2FDFE118E255C900ABCE10 /* Debug */ = {
			isa = XCBuildConfiguration;
			buildSettings = {
				ASSETCATALOG_COMPILER_APPICON_NAME = AppIcon;
				ASSETCATALOG_COMPILER_LAUNCHIMAGE_NAME = LaunchImage;
				GCC_PRECOMPILE_PREFIX_HEADER = YES;
				GCC_PREFIX_HEADER = "File Monitor/File Monitor-Prefix.pch";
				INFOPLIST_FILE = "File Monitor/File Monitor-Info.plist";
				PRODUCT_NAME = "$(TARGET_NAME)";
				WRAPPER_EXTENSION = app;
			};
			name = Debug;
		};
		DB2FDFE218E255C900ABCE10 /* Release */ = {
			isa = XCBuildConfiguration;
			buildSettings = {
				ASSETCATALOG_COMPILER_APPICON_NAME = AppIcon;
				ASSETCATALOG_COMPILER_LAUNCHIMAGE_NAME = LaunchImage;
				GCC_PRECOMPILE_PREFIX_HEADER = YES;
				GCC_PREFIX_HEADER = "File Monitor/File Monitor-Prefix.pch";
				INFOPLIST_FILE = "File Monitor/File Monitor-Info.plist";
				PRODUCT_NAME = "$(TARGET_NAME)";
				WRAPPER_EXTENSION = app;
			};
			name = Release;
		};
		DB2FDFE418E255C900ABCE10 /* Debug */ = {
			isa = XCBuildConfiguration;
			buildSettings = {
				BUNDLE_LOADER = "$(BUILT_PRODUCTS_DIR)/File Monitor.app/File Monitor";
				FRAMEWORK_SEARCH_PATHS = (
					"$(SDKROOT)/Developer/Library/Frameworks",
					"$(inherited)",
					"$(DEVELOPER_FRAMEWORKS_DIR)",
				);
				GCC_PRECOMPILE_PREFIX_HEADER = YES;
				GCC_PREFIX_HEADER = "File Monitor/File Monitor-Prefix.pch";
				GCC_PREPROCESSOR_DEFINITIONS = (
					"DEBUG=1",
					"$(inherited)",
				);
				INFOPLIST_FILE = "File MonitorTests/File MonitorTests-Info.plist";
				PRODUCT_NAME = "$(TARGET_NAME)";
				TEST_HOST = "$(BUNDLE_LOADER)";
				WRAPPER_EXTENSION = xctest;
			};
			name = Debug;
		};
		DB2FDFE518E255C900ABCE10 /* Release */ = {
			isa = XCBuildConfiguration;
			buildSettings = {
				BUNDLE_LOADER = "$(BUILT_PRODUCTS_DIR)/File Monitor.app/File Monitor";
				FRAMEWORK_SEARCH_PATHS = (
					"$(SDKROOT)/Developer/Library/Frameworks",
					"$(inherited)",
					"$(DEVELOPER_FRAMEWORKS_DIR)",
				);
				GCC_PRECOMPILE_PREFIX_HEADER = YES;
				GCC_PREFIX_HEADER = "File Monitor/File Monitor-Prefix.pch";
				INFOPLIST_FILE = "File MonitorTests/File MonitorTests-Info.plist";
				PRODUCT_NAME = "$(TARGET_NAME)";
				TEST_HOST = "$(BUNDLE_LOADER)";
				WRAPPER_EXTENSION = xctest;
			};
			name = Release;
		};
/* End XCBuildConfiguration section */

/* Begin XCConfigurationList section */
		DB2FDFA918E255C900ABCE10 /* Build configuration list for PBXProject "File Monitor" */ = {
			isa = XCConfigurationList;
			buildConfigurations = (
				DB2FDFDE18E255C900ABCE10 /* Debug */,
				DB2FDFDF18E255C900ABCE10 /* Release */,
			);
			defaultConfigurationIsVisible = 0;
			defaultConfigurationName = Release;
		};
		DB2FDFE018E255C900ABCE10 /* Build configuration list for PBXNativeTarget "File Monitor" */ = {
			isa = XCConfigurationList;
			buildConfigurations = (
				DB2FDFE118E255C900ABCE10 /* Debug */,
				DB2FDFE218E255C900ABCE10 /* Release */,
			);
			defaultConfigurationIsVisible = 0;
		};
		DB2FDFE318E255C900ABCE10 /* Build configuration list for PBXNativeTarget "File MonitorTests" */ = {
			isa = XCConfigurationList;
			buildConfigurations = (
				DB2FDFE418E255C900ABCE10 /* Debug */,
				DB2FDFE518E255C900ABCE10 /* Release */,
			);
			defaultConfigurationIsVisible = 0;
		};
/* End XCConfigurationList section */
	};
	rootObject = DB2FDFA618E255C900ABCE10 /* Project object */;
}
